// !$*UTF8*$!
{
	archiveVersion = 1;
	classes = {
	};
	objectVersion = 46;
	objects = {

/* Begin PBXBuildFile section */
		339379A01B080C0A003A722D /* AppDelegate.swift in Sources */ = {isa = PBXBuildFile; fileRef = 3393799F1B080C0A003A722D /* AppDelegate.swift */; };
		339379A21B080C0A003A722D /* ViewController.swift in Sources */ = {isa = PBXBuildFile; fileRef = 339379A11B080C0A003A722D /* ViewController.swift */; };
		339379A51B080C0A003A722D /* Main.storyboard in Resources */ = {isa = PBXBuildFile; fileRef = 339379A31B080C0A003A722D /* Main.storyboard */; };
		339379A71B080C0A003A722D /* Images.xcassets in Resources */ = {isa = PBXBuildFile; fileRef = 339379A61B080C0A003A722D /* Images.xcassets */; };
		339379AA1B080C0A003A722D /* LaunchScreen.xib in Resources */ = {isa = PBXBuildFile; fileRef = 339379A81B080C0A003A722D /* LaunchScreen.xib */; };
		339379B61B080C0A003A722D /* BarcodeScanningTests.swift in Sources */ = {isa = PBXBuildFile; fileRef = 339379B51B080C0A003A722D /* BarcodeScanningTests.swift */; };
/* End PBXBuildFile section */

/* Begin PBXContainerItemProxy section */
		339379B01B080C0A003A722D /* PBXContainerItemProxy */ = {
			isa = PBXContainerItemProxy;
			containerPortal = 339379921B080C0A003A722D /* Project object */;
			proxyType = 1;
			remoteGlobalIDString = 339379991B080C0A003A722D;
			remoteInfo = BarcodeScanning;
		};
/* End PBXContainerItemProxy section */

/* Begin PBXFileReference section */
		3393799A1B080C0A003A722D /* BarcodeScanning.app */ = {isa = PBXFileReference; explicitFileType = wrapper.application; includeInIndex = 0; path = BarcodeScanning.app; sourceTree = BUILT_PRODUCTS_DIR; };
		3393799E1B080C0A003A722D /* Info.plist */ = {isa = PBXFileReference; lastKnownFileType = text.plist.xml; path = Info.plist; sourceTree = "<group>"; };
		3393799F1B080C0A003A722D /* AppDelegate.swift */ = {isa = PBXFileReference; lastKnownFileType = sourcecode.swift; path = AppDelegate.swift; sourceTree = "<group>"; };
		339379A11B080C0A003A722D /* ViewController.swift */ = {isa = PBXFileReference; lastKnownFileType = sourcecode.swift; path = ViewController.swift; sourceTree = "<group>"; };
		339379A41B080C0A003A722D /* Base */ = {isa = PBXFileReference; lastKnownFileType = file.storyboard; name = Base; path = Base.lproj/Main.storyboard; sourceTree = "<group>"; };
		339379A61B080C0A003A722D /* Images.xcassets */ = {isa = PBXFileReference; lastKnownFileType = folder.assetcatalog; path = Images.xcassets; sourceTree = "<group>"; };
		339379A91B080C0A003A722D /* Base */ = {isa = PBXFileReference; lastKnownFileType = file.xib; name = Base; path = Base.lproj/LaunchScreen.xib; sourceTree = "<group>"; };
		339379AF1B080C0A003A722D /* BarcodeScanningTests.xctest */ = {isa = PBXFileReference; explicitFileType = wrapper.cfbundle; includeInIndex = 0; path = BarcodeScanningTests.xctest; sourceTree = BUILT_PRODUCTS_DIR; };
		339379B41B080C0A003A722D /* Info.plist */ = {isa = PBXFileReference; lastKnownFileType = text.plist.xml; path = Info.plist; sourceTree = "<group>"; };
		339379B51B080C0A003A722D /* BarcodeScanningTests.swift */ = {isa = PBXFileReference; lastKnownFileType = sourcecode.swift; path = BarcodeScanningTests.swift; sourceTree = "<group>"; };
/* End PBXFileReference section */

/* Begin PBXFrameworksBuildPhase section */
		339379971B080C0A003A722D /* Frameworks */ = {
			isa = PBXFrameworksBuildPhase;
			buildActionMask = 2147483647;
			files = (
			);
			runOnlyForDeploymentPostprocessing = 0;
		};
		339379AC1B080C0A003A722D /* Frameworks */ = {
			isa = PBXFrameworksBuildPhase;
			buildActionMask = 2147483647;
			files = (
			);
			runOnlyForDeploymentPostprocessing = 0;
		};
/* End PBXFrameworksBuildPhase section */

/* Begin PBXGroup section */
		339379911B080C0A003A722D = {
			isa = PBXGroup;
			children = (
				3393799C1B080C0A003A722D /* BarcodeScanning */,
				339379B21B080C0A003A722D /* BarcodeScanningTests */,
				3393799B1B080C0A003A722D /* Products */,
			);
			sourceTree = "<group>";
		};
		3393799B1B080C0A003A722D /* Products */ = {
			isa = PBXGroup;
			children = (
				3393799A1B080C0A003A722D /* BarcodeScanning.app */,
				339379AF1B080C0A003A722D /* BarcodeScanningTests.xctest */,
			);
			name = Products;
			sourceTree = "<group>";
		};
		3393799C1B080C0A003A722D /* BarcodeScanning */ = {
			isa = PBXGroup;
			children = (
				3393799F1B080C0A003A722D /* AppDelegate.swift */,
				339379A11B080C0A003A722D /* ViewController.swift */,
				339379A31B080C0A003A722D /* Main.storyboard */,
				339379A61B080C0A003A722D /* Images.xcassets */,
				339379A81B080C0A003A722D /* LaunchScreen.xib */,
				3393799D1B080C0A003A722D /* Supporting Files */,
			);
			path = BarcodeScanning;
			sourceTree = "<group>";
		};
		3393799D1B080C0A003A722D /* Supporting Files */ = {
			isa = PBXGroup;
			children = (
				3393799E1B080C0A003A722D /* Info.plist */,
			);
			name = "Supporting Files";
			sourceTree = "<group>";
		};
		339379B21B080C0A003A722D /* BarcodeScanningTests */ = {
			isa = PBXGroup;
			children = (
				339379B51B080C0A003A722D /* BarcodeScanningTests.swift */,
				339379B31B080C0A003A722D /* Supporting Files */,
			);
			path = BarcodeScanningTests;
			sourceTree = "<group>";
		};
		339379B31B080C0A003A722D /* Supporting Files */ = {
			isa = PBXGroup;
			children = (
				339379B41B080C0A003A722D /* Info.plist */,
			);
			name = "Supporting Files";
			sourceTree = "<group>";
		};
/* End PBXGroup section */

/* Begin PBXNativeTarget section */
		339379991B080C0A003A722D /* BarcodeScanning */ = {
			isa = PBXNativeTarget;
			buildConfigurationList = 339379B91B080C0A003A722D /* Build configuration list for PBXNativeTarget "BarcodeScanning" */;
			buildPhases = (
				339379961B080C0A003A722D /* Sources */,
				339379971B080C0A003A722D /* Frameworks */,
				339379981B080C0A003A722D /* Resources */,
			);
			buildRules = (
			);
			dependencies = (
			);
			name = BarcodeScanning;
			productName = BarcodeScanning;
			productReference = 3393799A1B080C0A003A722D /* BarcodeScanning.app */;
			productType = "com.apple.product-type.application";
		};
		339379AE1B080C0A003A722D /* BarcodeScanningTests */ = {
			isa = PBXNativeTarget;
			buildConfigurationList = 339379BC1B080C0A003A722D /* Build configuration list for PBXNativeTarget "BarcodeScanningTests" */;
			buildPhases = (
				339379AB1B080C0A003A722D /* Sources */,
				339379AC1B080C0A003A722D /* Frameworks */,
				339379AD1B080C0A003A722D /* Resources */,
			);
			buildRules = (
			);
			dependencies = (
				339379B11B080C0A003A722D /* PBXTargetDependency */,
			);
			name = BarcodeScanningTests;
			productName = BarcodeScanningTests;
			productReference = 339379AF1B080C0A003A722D /* BarcodeScanningTests.xctest */;
			productType = "com.apple.product-type.bundle.unit-test";
		};
/* End PBXNativeTarget section */

/* Begin PBXProject section */
		339379921B080C0A003A722D /* Project object */ = {
			isa = PBXProject;
			attributes = {
				LastUpgradeCheck = 0630;
				ORGANIZATIONNAME = "Jordan Morgan";
				TargetAttributes = {
					339379991B080C0A003A722D = {
						CreatedOnToolsVersion = 6.3.1;
					};
					339379AE1B080C0A003A722D = {
						CreatedOnToolsVersion = 6.3.1;
						TestTargetID = 339379991B080C0A003A722D;
					};
				};
			};
			buildConfigurationList = 339379951B080C0A003A722D /* Build configuration list for PBXProject "BarcodeScanning" */;
			compatibilityVersion = "Xcode 3.2";
			developmentRegion = English;
			hasScannedForEncodings = 0;
			knownRegions = (
				en,
				Base,
			);
			mainGroup = 339379911B080C0A003A722D;
			productRefGroup = 3393799B1B080C0A003A722D /* Products */;
			projectDirPath = "";
			projectRoot = "";
			targets = (
				339379991B080C0A003A722D /* BarcodeScanning */,
				339379AE1B080C0A003A722D /* BarcodeScanningTests */,
			);
		};
/* End PBXProject section */

/* Begin PBXResourcesBuildPhase section */
		339379981B080C0A003A722D /* Resources */ = {
			isa = PBXResourcesBuildPhase;
			buildActionMask = 2147483647;
			files = (
				339379A51B080C0A003A722D /* Main.storyboard in Resources */,
				339379AA1B080C0A003A722D /* LaunchScreen.xib in Resources */,
				339379A71B080C0A003A722D /* Images.xcassets in Resources */,
			);
			runOnlyForDeploymentPostprocessing = 0;
		};
		339379AD1B080C0A003A722D /* Resources */ = {
			isa = PBXResourcesBuildPhase;
			buildActionMask = 2147483647;
			files = (
			);
			runOnlyForDeploymentPostprocessing = 0;
		};
/* End PBXResourcesBuildPhase section */

/* Begin PBXSourcesBuildPhase section */
		339379961B080C0A003A722D /* Sources */ = {
			isa = PBXSourcesBuildPhase;
			buildActionMask = 2147483647;
			files = (
				339379A21B080C0A003A722D /* ViewController.swift in Sources */,
				339379A01B080C0A003A722D /* AppDelegate.swift in Sources */,
			);
			runOnlyForDeploymentPostprocessing = 0;
		};
		339379AB1B080C0A003A722D /* Sources */ = {
			isa = PBXSourcesBuildPhase;
			buildActionMask = 2147483647;
			files = (
				339379B61B080C0A003A722D /* BarcodeScanningTests.swift in Sources */,
			);
			runOnlyForDeploymentPostprocessing = 0;
		};
/* End PBXSourcesBuildPhase section */

/* Begin PBXTargetDependency section */
		339379B11B080C0A003A722D /* PBXTargetDependency */ = {
			isa = PBXTargetDependency;
			target = 339379991B080C0A003A722D /* BarcodeScanning */;
			targetProxy = 339379B01B080C0A003A722D /* PBXContainerItemProxy */;
		};
/* End PBXTargetDependency section */

/* Begin PBXVariantGroup section */
		339379A31B080C0A003A722D /* Main.storyboard */ = {
			isa = PBXVariantGroup;
			children = (
				339379A41B080C0A003A722D /* Base */,
			);
			name = Main.storyboard;
			sourceTree = "<group>";
		};
		339379A81B080C0A003A722D /* LaunchScreen.xib */ = {
			isa = PBXVariantGroup;
			children = (
				339379A91B080C0A003A722D /* Base */,
			);
			name = LaunchScreen.xib;
			sourceTree = "<group>";
		};
/* End PBXVariantGroup section */

/* Begin XCBuildConfiguration section */
		339379B71B080C0A003A722D /* Debug */ = {
			isa = XCBuildConfiguration;
			buildSettings = {
				ALWAYS_SEARCH_USER_PATHS = NO;
				CLANG_CXX_LANGUAGE_STANDARD = "gnu++0x";
				CLANG_CXX_LIBRARY = "libc++";
				CLANG_ENABLE_MODULES = YES;
				CLANG_ENABLE_OBJC_ARC = YES;
				CLANG_WARN_BOOL_CONVERSION = YES;
				CLANG_WARN_CONSTANT_CONVERSION = YES;
				CLANG_WARN_DIRECT_OBJC_ISA_USAGE = YES_ERROR;
				CLANG_WARN_EMPTY_BODY = YES;
				CLANG_WARN_ENUM_CONVERSION = YES;
				CLANG_WARN_INT_CONVERSION = YES;
				CLANG_WARN_OBJC_ROOT_CLASS = YES_ERROR;
				CLANG_WARN_UNREACHABLE_CODE = YES;
				CLANG_WARN__DUPLICATE_METHOD_MATCH = YES;
				"CODE_SIGN_IDENTITY[sdk=iphoneos*]" = "iPhone Developer";
				COPY_PHASE_STRIP = NO;
				DEBUG_INFORMATION_FORMAT = "dwarf-with-dsym";
				ENABLE_STRICT_OBJC_MSGSEND = YES;
				GCC_C_LANGUAGE_STANDARD = gnu99;
				GCC_DYNAMIC_NO_PIC = NO;
				GCC_NO_COMMON_BLOCKS = YES;
				GCC_OPTIMIZATION_LEVEL = 0;
				GCC_PREPROCESSOR_DEFINITIONS = (
					"DEBUG=1",
					"$(inherited)",
				);
				GCC_SYMBOLS_PRIVATE_EXTERN = NO;
				GCC_WARN_64_TO_32_BIT_CONVERSION = YES;
				GCC_WARN_ABOUT_RETURN_TYPE = YES_ERROR;
				GCC_WARN_UNDECLARED_SELECTOR = YES;
				GCC_WARN_UNINITIALIZED_AUTOS = YES_AGGRESSIVE;
				GCC_WARN_UNUSED_FUNCTION = YES;
				GCC_WARN_UNUSED_VARIABLE = YES;
				IPHONEOS_DEPLOYMENT_TARGET = 8.3;
				MTL_ENABLE_DEBUG_INFO = YES;
				ONLY_ACTIVE_ARCH = YES;
				SDKROOT = iphoneos;
				SWIFT_OPTIMIZATION_LEVEL = "-Onone";
			};
			name = Debug;
		};
		339379B81B080C0A003A722D /* Release */ = {
			isa = XCBuildConfiguration;
			buildSettings = {
				ALWAYS_SEARCH_USER_PATHS = NO;
				CLANG_CXX_LANGUAGE_STANDARD = "gnu++0x";
				CLANG_CXX_LIBRARY = "libc++";
				CLANG_ENABLE_MODULES = YES;
				CLANG_ENABLE_OBJC_ARC = YES;
				CLANG_WARN_BOOL_CONVERSION = YES;
				CLANG_WARN_CONSTANT_CONVERSION = YES;
				CLANG_WARN_DIRECT_OBJC_ISA_USAGE = YES_ERROR;
				CLANG_WARN_EMPTY_BODY = YES;
				CLANG_WARN_ENUM_CONVERSION = YES;
				CLANG_WARN_INT_CONVERSION = YES;
				CLANG_WARN_OBJC_ROOT_CLASS = YES_ERROR;
				CLANG_WARN_UNREACHABLE_CODE = YES;
				CLANG_WARN__DUPLICATE_METHOD_MATCH = YES;
				"CODE_SIGN_IDENTITY[sdk=iphoneos*]" = "iPhone Developer";
				COPY_PHASE_STRIP = NO;
				DEBUG_INFORMATION_FORMAT = "dwarf-with-dsym";
				ENABLE_NS_ASSERTIONS = NO;
				ENABLE_STRICT_OBJC_MSGSEND = YES;
				GCC_C_LANGUAGE_STANDARD = gnu99;
				GCC_NO_COMMON_BLOCKS = YES;
				GCC_WARN_64_TO_32_BIT_CONVERSION = YES;
				GCC_WARN_ABOUT_RETURN_TYPE = YES_ERROR;
				GCC_WARN_UNDECLARED_SELECTOR = YES;
				GCC_WARN_UNINITIALIZED_AUTOS = YES_AGGRESSIVE;
				GCC_WARN_UNUSED_FUNCTION = YES;
				GCC_WARN_UNUSED_VARIABLE = YES;
				IPHONEOS_DEPLOYMENT_TARGET = 8.3;
				MTL_ENABLE_DEBUG_INFO = NO;
				SDKROOT = iphoneos;
				VALIDATE_PRODUCT = YES;
			};
			name = Release;
		};
		339379BA1B080C0A003A722D /* Debug */ = {
			isa = XCBuildConfiguration;
			buildSettings = {
				ASSETCATALOG_COMPILER_APPICON_NAME = AppIcon;
				INFOPLIST_FILE = BarcodeScanning/Info.plist;
				LD_RUNPATH_SEARCH_PATHS = "$(inherited) @executable_path/Frameworks";
				PRODUCT_NAME = "$(TARGET_NAME)";
			};
			name = Debug;
		};
		339379BB1B080C0A003A722D /* Release */ = {
			isa = XCBuildConfiguration;
			buildSettings = {
				ASSETCATALOG_COMPILER_APPICON_NAME = AppIcon;
				INFOPLIST_FILE = BarcodeScanning/Info.plist;
				LD_RUNPATH_SEARCH_PATHS = "$(inherited) @executable_path/Frameworks";
				PRODUCT_NAME = "$(TARGET_NAME)";
			};
			name = Release;
		};
		339379BD1B080C0A003A722D /* Debug */ = {
			isa = XCBuildConfiguration;
			buildSettings = {
				BUNDLE_LOADER = "$(TEST_HOST)";
				FRAMEWORK_SEARCH_PATHS = (
					"$(SDKROOT)/Developer/Library/Frameworks",
					"$(inherited)",
				);
				GCC_PREPROCESSOR_DEFINITIONS = (
					"DEBUG=1",
					"$(inherited)",
				);
				INFOPLIST_FILE = BarcodeScanningTests/Info.plist;
				LD_RUNPATH_SEARCH_PATHS = "$(inherited) @executable_path/Frameworks @loader_path/Frameworks";
				PRODUCT_NAME = "$(TARGET_NAME)";
				TEST_HOST = "$(BUILT_PRODUCTS_DIR)/BarcodeScanning.app/BarcodeScanning";
			};
			name = Debug;
		};
		339379BE1B080C0A003A722D /* Release */ = {
			isa = XCBuildConfiguration;
			buildSettings = {
				BUNDLE_LOADER = "$(TEST_HOST)";
				FRAMEWORK_SEARCH_PATHS = (
					"$(SDKROOT)/Developer/Library/Frameworks",
					"$(inherited)",
				);
				INFOPLIST_FILE = BarcodeScanningTests/Info.plist;
				LD_RUNPATH_SEARCH_PATHS = "$(inherited) @executable_path/Frameworks @loader_path/Frameworks";
				PRODUCT_NAME = "$(TARGET_NAME)";
				TEST_HOST = "$(BUILT_PRODUCTS_DIR)/BarcodeScanning.app/BarcodeScanning";
			};
			name = Release;
		};
/* End XCBuildConfiguration section */

/* Begin XCConfigurationList section */
		339379951B080C0A003A722D /* Build configuration list for PBXProject "BarcodeScanning" */ = {
			isa = XCConfigurationList;
			buildConfigurations = (
				339379B71B080C0A003A722D /* Debug */,
				339379B81B080C0A003A722D /* Release */,
			);
			defaultConfigurationIsVisible = 0;
			defaultConfigurationName = Release;
		};
		339379B91B080C0A003A722D /* Build configuration list for PBXNativeTarget "BarcodeScanning" */ = {
			isa = XCConfigurationList;
			buildConfigurations = (
				339379BA1B080C0A003A722D /* Debug */,
				339379BB1B080C0A003A722D /* Release */,
			);
			defaultConfigurationIsVisible = 0;
		};
		339379BC1B080C0A003A722D /* Build configuration list for PBXNativeTarget "BarcodeScanningTests" */ = {
			isa = XCConfigurationList;
			buildConfigurations = (
				339379BD1B080C0A003A722D /* Debug */,
				339379BE1B080C0A003A722D /* Release */,
			);
			defaultConfigurationIsVisible = 0;
		};
/* End XCConfigurationList section */
	};
	rootObject = 339379921B080C0A003A722D /* Project object */;
}
